// !$*UTF8*$!
{
	archiveVersion = 1;
	classes = {
	};
	objectVersion = 50;
	objects = {

/* Begin PBXBuildFile section */
		21F62005223A40B0008A641B /* AppDelegate.swift in Sources */ = {isa = PBXBuildFile; fileRef = 21F62004223A40B0008A641B /* AppDelegate.swift */; };
		21F62007223A40B0008A641B /* ViewController.swift in Sources */ = {isa = PBXBuildFile; fileRef = 21F62006223A40B0008A641B /* ViewController.swift */; };
		21F6200A223A40B0008A641B /* Panel.xcdatamodeld in Sources */ = {isa = PBXBuildFile; fileRef = 21F62008223A40B0008A641B /* Panel.xcdatamodeld */; };
		21F6200C223A40B1008A641B /* Assets.xcassets in Resources */ = {isa = PBXBuildFile; fileRef = 21F6200B223A40B1008A641B /* Assets.xcassets */; };
		21F6200F223A40B1008A641B /* Main.storyboard in Resources */ = {isa = PBXBuildFile; fileRef = 21F6200D223A40B1008A641B /* Main.storyboard */; };
		21F6201B223A40B1008A641B /* PanelTests.swift in Sources */ = {isa = PBXBuildFile; fileRef = 21F6201A223A40B1008A641B /* PanelTests.swift */; };
		21F62026223A40B1008A641B /* PanelUITests.swift in Sources */ = {isa = PBXBuildFile; fileRef = 21F62025223A40B1008A641B /* PanelUITests.swift */; };
		21F62037223A420C008A641B /* PopOverConfig.swift in Sources */ = {isa = PBXBuildFile; fileRef = 21F62035223A420C008A641B /* PopOverConfig.swift */; };
		21F62038223A420C008A641B /* PopOverConfig.xib in Resources */ = {isa = PBXBuildFile; fileRef = 21F62036223A420C008A641B /* PopOverConfig.xib */; };
		21F6203A223A43AE008A641B /* EventMonitor.swift in Sources */ = {isa = PBXBuildFile; fileRef = 21F62039223A43AE008A641B /* EventMonitor.swift */; };
		21F6203C223A4D09008A641B /* ConfigData.swift in Sources */ = {isa = PBXBuildFile; fileRef = 21F6203B223A4D09008A641B /* ConfigData.swift */; };
		327D8675223AB74400B93931 /* panel.json in Resources */ = {isa = PBXBuildFile; fileRef = 327D8674223AB74400B93931 /* panel.json */; };
		327D8678223E06B700B93931 /* ShowCommandsViewController.swift in Sources */ = {isa = PBXBuildFile; fileRef = 327D8676223E06B700B93931 /* ShowCommandsViewController.swift */; };
		327D8679223E06B700B93931 /* ShowCommandsViewController.xib in Resources */ = {isa = PBXBuildFile; fileRef = 327D8677223E06B700B93931 /* ShowCommandsViewController.xib */; };
		327D867B223E934600B93931 /* RunCommand.swift in Sources */ = {isa = PBXBuildFile; fileRef = 327D867A223E934600B93931 /* RunCommand.swift */; };
		327D867D223E9EAE00B93931 /* CommandViewController.swift in Sources */ = {isa = PBXBuildFile; fileRef = 327D867C223E9EAE00B93931 /* CommandViewController.swift */; };
		327D867F223E9FED00B93931 /* ShowViewController.swift in Sources */ = {isa = PBXBuildFile; fileRef = 327D867E223E9FED00B93931 /* ShowViewController.swift */; };
		327D8681223EA12900B93931 /* TestCmdController.swift in Sources */ = {isa = PBXBuildFile; fileRef = 327D8680223EA12900B93931 /* TestCmdController.swift */; };
/* End PBXBuildFile section */

/* Begin PBXContainerItemProxy section */
		21F62017223A40B1008A641B /* PBXContainerItemProxy */ = {
			isa = PBXContainerItemProxy;
			containerPortal = 21F61FF9223A40B0008A641B /* Project object */;
			proxyType = 1;
			remoteGlobalIDString = 21F62000223A40B0008A641B;
			remoteInfo = Panel;
		};
		21F62022223A40B1008A641B /* PBXContainerItemProxy */ = {
			isa = PBXContainerItemProxy;
			containerPortal = 21F61FF9223A40B0008A641B /* Project object */;
			proxyType = 1;
			remoteGlobalIDString = 21F62000223A40B0008A641B;
			remoteInfo = Panel;
		};
/* End PBXContainerItemProxy section */

/* Begin PBXFileReference section */
		21F62001223A40B0008A641B /* Panel.app */ = {isa = PBXFileReference; explicitFileType = wrapper.application; includeInIndex = 0; path = Panel.app; sourceTree = BUILT_PRODUCTS_DIR; };
		21F62004223A40B0008A641B /* AppDelegate.swift */ = {isa = PBXFileReference; lastKnownFileType = sourcecode.swift; path = AppDelegate.swift; sourceTree = "<group>"; };
		21F62006223A40B0008A641B /* ViewController.swift */ = {isa = PBXFileReference; lastKnownFileType = sourcecode.swift; path = ViewController.swift; sourceTree = "<group>"; };
		21F62009223A40B0008A641B /* Panel.xcdatamodel */ = {isa = PBXFileReference; lastKnownFileType = wrapper.xcdatamodel; path = Panel.xcdatamodel; sourceTree = "<group>"; };
		21F6200B223A40B1008A641B /* Assets.xcassets */ = {isa = PBXFileReference; lastKnownFileType = folder.assetcatalog; path = Assets.xcassets; sourceTree = "<group>"; };
		21F6200E223A40B1008A641B /* Base */ = {isa = PBXFileReference; lastKnownFileType = file.storyboard; name = Base; path = Base.lproj/Main.storyboard; sourceTree = "<group>"; };
		21F62010223A40B1008A641B /* Info.plist */ = {isa = PBXFileReference; lastKnownFileType = text.plist.xml; path = Info.plist; sourceTree = "<group>"; };
		21F62011223A40B1008A641B /* Panel.entitlements */ = {isa = PBXFileReference; lastKnownFileType = text.plist.entitlements; path = Panel.entitlements; sourceTree = "<group>"; };
		21F62016223A40B1008A641B /* PanelTests.xctest */ = {isa = PBXFileReference; explicitFileType = wrapper.cfbundle; includeInIndex = 0; path = PanelTests.xctest; sourceTree = BUILT_PRODUCTS_DIR; };
		21F6201A223A40B1008A641B /* PanelTests.swift */ = {isa = PBXFileReference; lastKnownFileType = sourcecode.swift; path = PanelTests.swift; sourceTree = "<group>"; };
		21F6201C223A40B1008A641B /* Info.plist */ = {isa = PBXFileReference; lastKnownFileType = text.plist.xml; path = Info.plist; sourceTree = "<group>"; };
		21F62021223A40B1008A641B /* PanelUITests.xctest */ = {isa = PBXFileReference; explicitFileType = wrapper.cfbundle; includeInIndex = 0; path = PanelUITests.xctest; sourceTree = BUILT_PRODUCTS_DIR; };
		21F62025223A40B1008A641B /* PanelUITests.swift */ = {isa = PBXFileReference; lastKnownFileType = sourcecode.swift; path = PanelUITests.swift; sourceTree = "<group>"; };
		21F62027223A40B1008A641B /* Info.plist */ = {isa = PBXFileReference; lastKnownFileType = text.plist.xml; path = Info.plist; sourceTree = "<group>"; };
		21F62035223A420C008A641B /* PopOverConfig.swift */ = {isa = PBXFileReference; lastKnownFileType = sourcecode.swift; path = PopOverConfig.swift; sourceTree = "<group>"; };
		21F62036223A420C008A641B /* PopOverConfig.xib */ = {isa = PBXFileReference; lastKnownFileType = file.xib; path = PopOverConfig.xib; sourceTree = "<group>"; };
		21F62039223A43AE008A641B /* EventMonitor.swift */ = {isa = PBXFileReference; lastKnownFileType = sourcecode.swift; path = EventMonitor.swift; sourceTree = "<group>"; };
		21F6203B223A4D09008A641B /* ConfigData.swift */ = {isa = PBXFileReference; lastKnownFileType = sourcecode.swift; path = ConfigData.swift; sourceTree = "<group>"; };
		21F6203E223A6BA2008A641B /* CocoaMondoKit.framework */ = {isa = PBXFileReference; lastKnownFileType = wrapper.framework; path = CocoaMondoKit.framework; sourceTree = "<group>"; };
		327D8674223AB74400B93931 /* panel.json */ = {isa = PBXFileReference; lastKnownFileType = text.json; path = panel.json; sourceTree = "<group>"; };
		327D8676223E06B700B93931 /* ShowCommandsViewController.swift */ = {isa = PBXFileReference; lastKnownFileType = sourcecode.swift; path = ShowCommandsViewController.swift; sourceTree = "<group>"; };
		327D8677223E06B700B93931 /* ShowCommandsViewController.xib */ = {isa = PBXFileReference; lastKnownFileType = file.xib; path = ShowCommandsViewController.xib; sourceTree = "<group>"; };
		327D867A223E934600B93931 /* RunCommand.swift */ = {isa = PBXFileReference; lastKnownFileType = sourcecode.swift; path = RunCommand.swift; sourceTree = "<group>"; };
		327D867C223E9EAE00B93931 /* CommandViewController.swift */ = {isa = PBXFileReference; lastKnownFileType = sourcecode.swift; path = CommandViewController.swift; sourceTree = "<group>"; };
		327D867E223E9FED00B93931 /* ShowViewController.swift */ = {isa = PBXFileReference; lastKnownFileType = sourcecode.swift; path = ShowViewController.swift; sourceTree = "<group>"; };
		327D8680223EA12900B93931 /* TestCmdController.swift */ = {isa = PBXFileReference; lastKnownFileType = sourcecode.swift; path = TestCmdController.swift; sourceTree = "<group>"; };
/* End PBXFileReference section */

/* Begin PBXFrameworksBuildPhase section */
		21F61FFE223A40B0008A641B /* Frameworks */ = {
			isa = PBXFrameworksBuildPhase;
			buildActionMask = 2147483647;
			files = (
			);
			runOnlyForDeploymentPostprocessing = 0;
		};
		21F62013223A40B1008A641B /* Frameworks */ = {
			isa = PBXFrameworksBuildPhase;
			buildActionMask = 2147483647;
			files = (
			);
			runOnlyForDeploymentPostprocessing = 0;
		};
		21F6201E223A40B1008A641B /* Frameworks */ = {
			isa = PBXFrameworksBuildPhase;
			buildActionMask = 2147483647;
			files = (
			);
			runOnlyForDeploymentPostprocessing = 0;
		};
/* End PBXFrameworksBuildPhase section */

/* Begin PBXGroup section */
		21F61FF8223A40B0008A641B = {
			isa = PBXGroup;
			children = (
				21F62003223A40B0008A641B /* Panel */,
				21F62019223A40B1008A641B /* PanelTests */,
				21F62024223A40B1008A641B /* PanelUITests */,
				21F62002223A40B0008A641B /* Products */,
				21F6203D223A6BA1008A641B /* Frameworks */,
			);
			sourceTree = "<group>";
		};
		21F62002223A40B0008A641B /* Products */ = {
			isa = PBXGroup;
			children = (
				21F62001223A40B0008A641B /* Panel.app */,
				21F62016223A40B1008A641B /* PanelTests.xctest */,
				21F62021223A40B1008A641B /* PanelUITests.xctest */,
			);
			name = Products;
			sourceTree = "<group>";
		};
		21F62003223A40B0008A641B /* Panel */ = {
			isa = PBXGroup;
			children = (
				21F62004223A40B0008A641B /* AppDelegate.swift */,
				21F62035223A420C008A641B /* PopOverConfig.swift */,
				327D8676223E06B700B93931 /* ShowCommandsViewController.swift */,
				327D8677223E06B700B93931 /* ShowCommandsViewController.xib */,
				21F62036223A420C008A641B /* PopOverConfig.xib */,
				21F62006223A40B0008A641B /* ViewController.swift */,
				21F6200B223A40B1008A641B /* Assets.xcassets */,
				21F62039223A43AE008A641B /* EventMonitor.swift */,
				21F6200D223A40B1008A641B /* Main.storyboard */,
				327D8680223EA12900B93931 /* TestCmdController.swift */,
				327D867E223E9FED00B93931 /* ShowViewController.swift */,
				327D867C223E9EAE00B93931 /* CommandViewController.swift */,
				21F62010223A40B1008A641B /* Info.plist */,
				21F62011223A40B1008A641B /* Panel.entitlements */,
				21F62008223A40B0008A641B /* Panel.xcdatamodeld */,
				21F6203B223A4D09008A641B /* ConfigData.swift */,
				327D867A223E934600B93931 /* RunCommand.swift */,
				327D8674223AB74400B93931 /* panel.json */,
			);
			path = Panel;
			sourceTree = "<group>";
		};
		21F62019223A40B1008A641B /* PanelTests */ = {
			isa = PBXGroup;
			children = (
				21F6201A223A40B1008A641B /* PanelTests.swift */,
				21F6201C223A40B1008A641B /* Info.plist */,
			);
			path = PanelTests;
			sourceTree = "<group>";
		};
		21F62024223A40B1008A641B /* PanelUITests */ = {
			isa = PBXGroup;
			children = (
				21F62025223A40B1008A641B /* PanelUITests.swift */,
				21F62027223A40B1008A641B /* Info.plist */,
			);
			path = PanelUITests;
			sourceTree = "<group>";
		};
		21F6203D223A6BA1008A641B /* Frameworks */ = {
			isa = PBXGroup;
			children = (
				21F6203E223A6BA2008A641B /* CocoaMondoKit.framework */,
			);
			name = Frameworks;
			sourceTree = "<group>";
		};
/* End PBXGroup section */

/* Begin PBXNativeTarget section */
		21F62000223A40B0008A641B /* Panel */ = {
			isa = PBXNativeTarget;
			buildConfigurationList = 21F6202A223A40B1008A641B /* Build configuration list for PBXNativeTarget "Panel" */;
			buildPhases = (
				21F61FFD223A40B0008A641B /* Sources */,
				21F61FFE223A40B0008A641B /* Frameworks */,
				21F61FFF223A40B0008A641B /* Resources */,
			);
			buildRules = (
			);
			dependencies = (
			);
			name = Panel;
			productName = Panel;
			productReference = 21F62001223A40B0008A641B /* Panel.app */;
			productType = "com.apple.product-type.application";
		};
		21F62015223A40B1008A641B /* PanelTests */ = {
			isa = PBXNativeTarget;
			buildConfigurationList = 21F6202D223A40B1008A641B /* Build configuration list for PBXNativeTarget "PanelTests" */;
			buildPhases = (
				21F62012223A40B1008A641B /* Sources */,
				21F62013223A40B1008A641B /* Frameworks */,
				21F62014223A40B1008A641B /* Resources */,
			);
			buildRules = (
			);
			dependencies = (
				21F62018223A40B1008A641B /* PBXTargetDependency */,
			);
			name = PanelTests;
			productName = PanelTests;
			productReference = 21F62016223A40B1008A641B /* PanelTests.xctest */;
			productType = "com.apple.product-type.bundle.unit-test";
		};
		21F62020223A40B1008A641B /* PanelUITests */ = {
			isa = PBXNativeTarget;
			buildConfigurationList = 21F62030223A40B1008A641B /* Build configuration list for PBXNativeTarget "PanelUITests" */;
			buildPhases = (
				21F6201D223A40B1008A641B /* Sources */,
				21F6201E223A40B1008A641B /* Frameworks */,
				21F6201F223A40B1008A641B /* Resources */,
			);
			buildRules = (
			);
			dependencies = (
				21F62023223A40B1008A641B /* PBXTargetDependency */,
			);
			name = PanelUITests;
			productName = PanelUITests;
			productReference = 21F62021223A40B1008A641B /* PanelUITests.xctest */;
			productType = "com.apple.product-type.bundle.ui-testing";
		};
/* End PBXNativeTarget section */

/* Begin PBXProject section */
		21F61FF9223A40B0008A641B /* Project object */ = {
			isa = PBXProject;
			attributes = {
				LastSwiftUpdateCheck = 1010;
				LastUpgradeCheck = 1010;
				ORGANIZATIONNAME = dr;
				TargetAttributes = {
					21F62000223A40B0008A641B = {
						CreatedOnToolsVersion = 10.1;
					};
					21F62015223A40B1008A641B = {
						CreatedOnToolsVersion = 10.1;
						TestTargetID = 21F62000223A40B0008A641B;
					};
					21F62020223A40B1008A641B = {
						CreatedOnToolsVersion = 10.1;
						TestTargetID = 21F62000223A40B0008A641B;
					};
				};
			};
			buildConfigurationList = 21F61FFC223A40B0008A641B /* Build configuration list for PBXProject "Panel" */;
			compatibilityVersion = "Xcode 9.3";
			developmentRegion = en;
			hasScannedForEncodings = 0;
			knownRegions = (
				en,
				Base,
			);
			mainGroup = 21F61FF8223A40B0008A641B;
			productRefGroup = 21F62002223A40B0008A641B /* Products */;
			projectDirPath = "";
			projectRoot = "";
			targets = (
				21F62000223A40B0008A641B /* Panel */,
				21F62015223A40B1008A641B /* PanelTests */,
				21F62020223A40B1008A641B /* PanelUITests */,
			);
		};
/* End PBXProject section */

/* Begin PBXResourcesBuildPhase section */
		21F61FFF223A40B0008A641B /* Resources */ = {
			isa = PBXResourcesBuildPhase;
			buildActionMask = 2147483647;
			files = (
				21F62038223A420C008A641B /* PopOverConfig.xib in Resources */,
				21F6200C223A40B1008A641B /* Assets.xcassets in Resources */,
				327D8675223AB74400B93931 /* panel.json in Resources */,
				21F6200F223A40B1008A641B /* Main.storyboard in Resources */,
				327D8679223E06B700B93931 /* ShowCommandsViewController.xib in Resources */,
			);
			runOnlyForDeploymentPostprocessing = 0;
		};
		21F62014223A40B1008A641B /* Resources */ = {
			isa = PBXResourcesBuildPhase;
			buildActionMask = 2147483647;
			files = (
			);
			runOnlyForDeploymentPostprocessing = 0;
		};
		21F6201F223A40B1008A641B /* Resources */ = {
			isa = PBXResourcesBuildPhase;
			buildActionMask = 2147483647;
			files = (
			);
			runOnlyForDeploymentPostprocessing = 0;
		};
/* End PBXResourcesBuildPhase section */

/* Begin PBXSourcesBuildPhase section */
		21F61FFD223A40B0008A641B /* Sources */ = {
			isa = PBXSourcesBuildPhase;
			buildActionMask = 2147483647;
			files = (
				327D8678223E06B700B93931 /* ShowCommandsViewController.swift in Sources */,
				21F62007223A40B0008A641B /* ViewController.swift in Sources */,
				21F6203A223A43AE008A641B /* EventMonitor.swift in Sources */,
				327D8681223EA12900B93931 /* TestCmdController.swift in Sources */,
				21F62005223A40B0008A641B /* AppDelegate.swift in Sources */,
				21F6203C223A4D09008A641B /* ConfigData.swift in Sources */,
				327D867F223E9FED00B93931 /* ShowViewController.swift in Sources */,
				21F6200A223A40B0008A641B /* Panel.xcdatamodeld in Sources */,
				21F62037223A420C008A641B /* PopOverConfig.swift in Sources */,
				327D867D223E9EAE00B93931 /* CommandViewController.swift in Sources */,
				327D867B223E934600B93931 /* RunCommand.swift in Sources */,
			);
			runOnlyForDeploymentPostprocessing = 0;
		};
		21F62012223A40B1008A641B /* Sources */ = {
			isa = PBXSourcesBuildPhase;
			buildActionMask = 2147483647;
			files = (
				21F6201B223A40B1008A641B /* PanelTests.swift in Sources */,
			);
			runOnlyForDeploymentPostprocessing = 0;
		};
		21F6201D223A40B1008A641B /* Sources */ = {
			isa = PBXSourcesBuildPhase;
			buildActionMask = 2147483647;
			files = (
				21F62026223A40B1008A641B /* PanelUITests.swift in Sources */,
			);
			runOnlyForDeploymentPostprocessing = 0;
		};
/* End PBXSourcesBuildPhase section */

/* Begin PBXTargetDependency section */
		21F62018223A40B1008A641B /* PBXTargetDependency */ = {
			isa = PBXTargetDependency;
			target = 21F62000223A40B0008A641B /* Panel */;
			targetProxy = 21F62017223A40B1008A641B /* PBXContainerItemProxy */;
		};
		21F62023223A40B1008A641B /* PBXTargetDependency */ = {
			isa = PBXTargetDependency;
			target = 21F62000223A40B0008A641B /* Panel */;
			targetProxy = 21F62022223A40B1008A641B /* PBXContainerItemProxy */;
		};
/* End PBXTargetDependency section */

/* Begin PBXVariantGroup section */
		21F6200D223A40B1008A641B /* Main.storyboard */ = {
			isa = PBXVariantGroup;
			children = (
				21F6200E223A40B1008A641B /* Base */,
			);
			name = Main.storyboard;
			sourceTree = "<group>";
		};
/* End PBXVariantGroup section */

/* Begin XCBuildConfiguration section */
		21F62028223A40B1008A641B /* Debug */ = {
			isa = XCBuildConfiguration;
			buildSettings = {
				ALWAYS_SEARCH_USER_PATHS = NO;
				CLANG_ANALYZER_NONNULL = YES;
				CLANG_ANALYZER_NUMBER_OBJECT_CONVERSION = YES_AGGRESSIVE;
				CLANG_CXX_LANGUAGE_STANDARD = "gnu++14";
				CLANG_CXX_LIBRARY = "libc++";
				CLANG_ENABLE_MODULES = YES;
				CLANG_ENABLE_OBJC_ARC = YES;
				CLANG_ENABLE_OBJC_WEAK = YES;
				CLANG_WARN_BLOCK_CAPTURE_AUTORELEASING = YES;
				CLANG_WARN_BOOL_CONVERSION = YES;
				CLANG_WARN_COMMA = YES;
				CLANG_WARN_CONSTANT_CONVERSION = YES;
				CLANG_WARN_DEPRECATED_OBJC_IMPLEMENTATIONS = YES;
				CLANG_WARN_DIRECT_OBJC_ISA_USAGE = YES_ERROR;
				CLANG_WARN_DOCUMENTATION_COMMENTS = YES;
				CLANG_WARN_EMPTY_BODY = YES;
				CLANG_WARN_ENUM_CONVERSION = YES;
				CLANG_WARN_INFINITE_RECURSION = YES;
				CLANG_WARN_INT_CONVERSION = YES;
				CLANG_WARN_NON_LITERAL_NULL_CONVERSION = YES;
				CLANG_WARN_OBJC_IMPLICIT_RETAIN_SELF = YES;
				CLANG_WARN_OBJC_LITERAL_CONVERSION = YES;
				CLANG_WARN_OBJC_ROOT_CLASS = YES_ERROR;
				CLANG_WARN_RANGE_LOOP_ANALYSIS = YES;
				CLANG_WARN_STRICT_PROTOTYPES = YES;
				CLANG_WARN_SUSPICIOUS_MOVE = YES;
				CLANG_WARN_UNGUARDED_AVAILABILITY = YES_AGGRESSIVE;
				CLANG_WARN_UNREACHABLE_CODE = YES;
				CLANG_WARN__DUPLICATE_METHOD_MATCH = YES;
				CODE_SIGN_IDENTITY = "-";
				COPY_PHASE_STRIP = NO;
				DEBUG_INFORMATION_FORMAT = dwarf;
				ENABLE_STRICT_OBJC_MSGSEND = YES;
				ENABLE_TESTABILITY = YES;
				GCC_C_LANGUAGE_STANDARD = gnu11;
				GCC_DYNAMIC_NO_PIC = NO;
				GCC_NO_COMMON_BLOCKS = YES;
				GCC_OPTIMIZATION_LEVEL = 0;
				GCC_PREPROCESSOR_DEFINITIONS = (
					"DEBUG=1",
					"$(inherited)",
				);
				GCC_WARN_64_TO_32_BIT_CONVERSION = YES;
				GCC_WARN_ABOUT_RETURN_TYPE = YES_ERROR;
				GCC_WARN_UNDECLARED_SELECTOR = YES;
				GCC_WARN_UNINITIALIZED_AUTOS = YES_AGGRESSIVE;
				GCC_WARN_UNUSED_FUNCTION = YES;
				GCC_WARN_UNUSED_VARIABLE = YES;
				MACOSX_DEPLOYMENT_TARGET = 10.14;
				MTL_ENABLE_DEBUG_INFO = INCLUDE_SOURCE;
				MTL_FAST_MATH = YES;
				ONLY_ACTIVE_ARCH = YES;
				SDKROOT = macosx;
				SWIFT_ACTIVE_COMPILATION_CONDITIONS = DEBUG;
				SWIFT_OPTIMIZATION_LEVEL = "-Onone";
			};
			name = Debug;
		};
		21F62029223A40B1008A641B /* Release */ = {
			isa = XCBuildConfiguration;
			buildSettings = {
				ALWAYS_SEARCH_USER_PATHS = NO;
				CLANG_ANALYZER_NONNULL = YES;
				CLANG_ANALYZER_NUMBER_OBJECT_CONVERSION = YES_AGGRESSIVE;
				CLANG_CXX_LANGUAGE_STANDARD = "gnu++14";
				CLANG_CXX_LIBRARY = "libc++";
				CLANG_ENABLE_MODULES = YES;
				CLANG_ENABLE_OBJC_ARC = YES;
				CLANG_ENABLE_OBJC_WEAK = YES;
				CLANG_WARN_BLOCK_CAPTURE_AUTORELEASING = YES;
				CLANG_WARN_BOOL_CONVERSION = YES;
				CLANG_WARN_COMMA = YES;
				CLANG_WARN_CONSTANT_CONVERSION = YES;
				CLANG_WARN_DEPRECATED_OBJC_IMPLEMENTATIONS = YES;
				CLANG_WARN_DIRECT_OBJC_ISA_USAGE = YES_ERROR;
				CLANG_WARN_DOCUMENTATION_COMMENTS = YES;
				CLANG_WARN_EMPTY_BODY = YES;
				CLANG_WARN_ENUM_CONVERSION = YES;
				CLANG_WARN_INFINITE_RECURSION = YES;
				CLANG_WARN_INT_CONVERSION = YES;
				CLANG_WARN_NON_LITERAL_NULL_CONVERSION = YES;
				CLANG_WARN_OBJC_IMPLICIT_RETAIN_SELF = YES;
				CLANG_WARN_OBJC_LITERAL_CONVERSION = YES;
				CLANG_WARN_OBJC_ROOT_CLASS = YES_ERROR;
				CLANG_WARN_RANGE_LOOP_ANALYSIS = YES;
				CLANG_WARN_STRICT_PROTOTYPES = YES;
				CLANG_WARN_SUSPICIOUS_MOVE = YES;
				CLANG_WARN_UNGUARDED_AVAILABILITY = YES_AGGRESSIVE;
				CLANG_WARN_UNREACHABLE_CODE = YES;
				CLANG_WARN__DUPLICATE_METHOD_MATCH = YES;
				CODE_SIGN_IDENTITY = "-";
				COPY_PHASE_STRIP = NO;
				DEBUG_INFORMATION_FORMAT = "dwarf-with-dsym";
				ENABLE_NS_ASSERTIONS = NO;
				ENABLE_STRICT_OBJC_MSGSEND = YES;
				GCC_C_LANGUAGE_STANDARD = gnu11;
				GCC_NO_COMMON_BLOCKS = YES;
				GCC_WARN_64_TO_32_BIT_CONVERSION = YES;
				GCC_WARN_ABOUT_RETURN_TYPE = YES_ERROR;
				GCC_WARN_UNDECLARED_SELECTOR = YES;
				GCC_WARN_UNINITIALIZED_AUTOS = YES_AGGRESSIVE;
				GCC_WARN_UNUSED_FUNCTION = YES;
				GCC_WARN_UNUSED_VARIABLE = YES;
				MACOSX_DEPLOYMENT_TARGET = 10.14;
				MTL_ENABLE_DEBUG_INFO = NO;
				MTL_FAST_MATH = YES;
				SDKROOT = macosx;
				SWIFT_COMPILATION_MODE = wholemodule;
				SWIFT_OPTIMIZATION_LEVEL = "-O";
			};
			name = Release;
		};
		21F6202B223A40B1008A641B /* Debug */ = {
			isa = XCBuildConfiguration;
			buildSettings = {
				ASSETCATALOG_COMPILER_APPICON_NAME = AppIcon;
				CODE_SIGN_ENTITLEMENTS = Panel/Panel.entitlements;
				CODE_SIGN_STYLE = Automatic;
				COMBINE_HIDPI_IMAGES = YES;
				FRAMEWORK_SEARCH_PATHS = (
					"$(inherited)",
					"$(PROJECT_DIR)",
				);
				INFOPLIST_FILE = Panel/Info.plist;
				LD_RUNPATH_SEARCH_PATHS = (
					"$(inherited)",
					"@executable_path/../Frameworks",
				);
				PRODUCT_BUNDLE_IDENTIFIER = com.personal.Panel;
				PRODUCT_NAME = "$(TARGET_NAME)";
				SWIFT_VERSION = 4.2;
			};
			name = Debug;
		};
		21F6202C223A40B1008A641B /* Release */ = {
			isa = XCBuildConfiguration;
			buildSettings = {
				ASSETCATALOG_COMPILER_APPICON_NAME = AppIcon;
				CODE_SIGN_ENTITLEMENTS = Panel/Panel.entitlements;
				CODE_SIGN_STYLE = Automatic;
				COMBINE_HIDPI_IMAGES = YES;
				FRAMEWORK_SEARCH_PATHS = (
					"$(inherited)",
					"$(PROJECT_DIR)",
				);
				INFOPLIST_FILE = Panel/Info.plist;
				LD_RUNPATH_SEARCH_PATHS = (
					"$(inherited)",
					"@executable_path/../Frameworks",
				);
				PRODUCT_BUNDLE_IDENTIFIER = com.personal.Panel;
				PRODUCT_NAME = "$(TARGET_NAME)";
				SWIFT_VERSION = 4.2;
			};
			name = Release;
		};
		21F6202E223A40B1008A641B /* Debug */ = {
			isa = XCBuildConfiguration;
			buildSettings = {
				ALWAYS_EMBED_SWIFT_STANDARD_LIBRARIES = YES;
				BUNDLE_LOADER = "$(TEST_HOST)";
				CODE_SIGN_STYLE = Automatic;
				COMBINE_HIDPI_IMAGES = YES;
				INFOPLIST_FILE = PanelTests/Info.plist;
				LD_RUNPATH_SEARCH_PATHS = (
					"$(inherited)",
					"@executable_path/../Frameworks",
					"@loader_path/../Frameworks",
				);
				PRODUCT_BUNDLE_IDENTIFIER = com.personal.PanelTests;
				PRODUCT_NAME = "$(TARGET_NAME)";
				SWIFT_VERSION = 4.2;
				TEST_HOST = "$(BUILT_PRODUCTS_DIR)/Panel.app/Contents/MacOS/Panel";
			};
			name = Debug;
		};
		21F6202F223A40B1008A641B /* Release */ = {
			isa = XCBuildConfiguration;
			buildSettings = {
				ALWAYS_EMBED_SWIFT_STANDARD_LIBRARIES = YES;
				BUNDLE_LOADER = "$(TEST_HOST)";
				CODE_SIGN_STYLE = Automatic;
				COMBINE_HIDPI_IMAGES = YES;
				INFOPLIST_FILE = PanelTests/Info.plist;
				LD_RUNPATH_SEARCH_PATHS = (
					"$(inherited)",
					"@executable_path/../Frameworks",
					"@loader_path/../Frameworks",
				);
				PRODUCT_BUNDLE_IDENTIFIER = com.personal.PanelTests;
				PRODUCT_NAME = "$(TARGET_NAME)";
				SWIFT_VERSION = 4.2;
				TEST_HOST = "$(BUILT_PRODUCTS_DIR)/Panel.app/Contents/MacOS/Panel";
			};
			name = Release;
		};
		21F62031223A40B1008A641B /* Debug */ = {
			isa = XCBuildConfiguration;
			buildSettings = {
				ALWAYS_EMBED_SWIFT_STANDARD_LIBRARIES = YES;
				CODE_SIGN_STYLE = Automatic;
				COMBINE_HIDPI_IMAGES = YES;
				INFOPLIST_FILE = PanelUITests/Info.plist;
				LD_RUNPATH_SEARCH_PATHS = (
					"$(inherited)",
					"@executable_path/../Frameworks",
					"@loader_path/../Frameworks",
				);
				PRODUCT_BUNDLE_IDENTIFIER = com.personal.PanelUITests;
				PRODUCT_NAME = "$(TARGET_NAME)";
				SWIFT_VERSION = 4.2;
				TEST_TARGET_NAME = Panel;
			};
			name = Debug;
		};
		21F62032223A40B1008A641B /* Release */ = {
			isa = XCBuildConfiguration;
			buildSettings = {
				ALWAYS_EMBED_SWIFT_STANDARD_LIBRARIES = YES;
				CODE_SIGN_STYLE = Automatic;
				COMBINE_HIDPI_IMAGES = YES;
				INFOPLIST_FILE = PanelUITests/Info.plist;
				LD_RUNPATH_SEARCH_PATHS = (
					"$(inherited)",
					"@executable_path/../Frameworks",
					"@loader_path/../Frameworks",
				);
				PRODUCT_BUNDLE_IDENTIFIER = com.personal.PanelUITests;
				PRODUCT_NAME = "$(TARGET_NAME)";
				SWIFT_VERSION = 4.2;
				TEST_TARGET_NAME = Panel;
			};
			name = Release;
		};
/* End XCBuildConfiguration section */

/* Begin XCConfigurationList section */
		21F61FFC223A40B0008A641B /* Build configuration list for PBXProject "Panel" */ = {
			isa = XCConfigurationList;
			buildConfigurations = (
				21F62028223A40B1008A641B /* Debug */,
				21F62029223A40B1008A641B /* Release */,
			);
			defaultConfigurationIsVisible = 0;
			defaultConfigurationName = Release;
		};
		21F6202A223A40B1008A641B /* Build configuration list for PBXNativeTarget "Panel" */ = {
			isa = XCConfigurationList;
			buildConfigurations = (
				21F6202B223A40B1008A641B /* Debug */,
				21F6202C223A40B1008A641B /* Release */,
			);
			defaultConfigurationIsVisible = 0;
			defaultConfigurationName = Release;
		};
		21F6202D223A40B1008A641B /* Build configuration list for PBXNativeTarget "PanelTests" */ = {
			isa = XCConfigurationList;
			buildConfigurations = (
				21F6202E223A40B1008A641B /* Debug */,
				21F6202F223A40B1008A641B /* Release */,
			);
			defaultConfigurationIsVisible = 0;
			defaultConfigurationName = Release;
		};
		21F62030223A40B1008A641B /* Build configuration list for PBXNativeTarget "PanelUITests" */ = {
			isa = XCConfigurationList;
			buildConfigurations = (
				21F62031223A40B1008A641B /* Debug */,
				21F62032223A40B1008A641B /* Release */,
			);
			defaultConfigurationIsVisible = 0;
			defaultConfigurationName = Release;
		};
/* End XCConfigurationList section */

/* Begin XCVersionGroup section */
		21F62008223A40B0008A641B /* Panel.xcdatamodeld */ = {
			isa = XCVersionGroup;
			children = (
				21F62009223A40B0008A641B /* Panel.xcdatamodel */,
			);
			currentVersion = 21F62009223A40B0008A641B /* Panel.xcdatamodel */;
			path = Panel.xcdatamodeld;
			sourceTree = "<group>";
			versionGroupType = wrapper.xcdatamodel;
		};
/* End XCVersionGroup section */
	};
	rootObject = 21F61FF9223A40B0008A641B /* Project object */;
}
